
Microsoft Visual Studio Solution File, Format Version 12.00
# Visual Studio Version 17
VisualStudioVersion = 17.3.32922.545
MinimumVisualStudioVersion = 10.0.40219.1
Project("{FAE04EC0-301F-11D3-BF4B-00C04F79EFBC}") = "MyWebApiApp", "MyWebApiApp\MyWebApiApp.csproj", "{4A46938F-A308-454F-9662-8B5A5F47E3D8}"
EndProject
Global
	GlobalSection(SolutionConfigurationPlatforms) = preSolution
		Debug|Any CPU = Debug|Any CPU
		Release|Any CPU = Release|Any CPU
	EndGlobalSection
	GlobalSection(ProjectConfigurationPlatforms) = postSolution
		{4A46938F-A308-454F-9662-8B5A5F47E3D8}.Debug|Any CPU.ActiveCfg = Debug|Any CPU
		{4A46938F-A308-454F-9662-8B5A5F47E3D8}.Debug|Any CPU.Build.0 = Debug|Any CPU
		{4A46938F-A308-454F-9662-8B5A5F47E3D8}.Release|Any CPU.ActiveCfg = Release|Any CPU
		{4A46938F-A308-454F-9662-8B5A5F47E3D8}.Release|Any CPU.Build.0 = Release|Any CPU
	EndGlobalSection
	GlobalSection(SolutionProperties) = preSolution
		HideSolutionNode = FALSE
	EndGlobalSection
	GlobalSection(ExtensibilityGlobals) = postSolution
		SolutionGuid = {0E6705DE-F618-4F76-9A3A-9C149F35C0F1}
	EndGlobalSection
EndGlobal
